
Microsoft Visual Studio Solution File, Format Version 12.00
# Visual Studio Version 17
VisualStudioVersion = 17.5.33627.172
MinimumVisualStudioVersion = 10.0.40219.1
Project("{FAE04EC0-301F-11D3-BF4B-00C04F79EFBC}") = "Amado", "Amado.csproj", "{773078DA-D9F3-4225-AB17-5F64BE35831A}"
EndProject
Global
	GlobalSection(SolutionConfigurationPlatforms) = preSolution
		Debug|Any CPU = Debug|Any CPU
		Release|Any CPU = Release|Any CPU
	EndGlobalSection
	GlobalSection(ProjectConfigurationPlatforms) = postSolution
		{773078DA-D9F3-4225-AB17-5F64BE35831A}.Debug|Any CPU.ActiveCfg = Debug|Any CPU
		{773078DA-D9F3-4225-AB17-5F64BE35831A}.Debug|Any CPU.Build.0 = Debug|Any CPU
		{773078DA-D9F3-4225-AB17-5F64BE35831A}.Release|Any CPU.ActiveCfg = Release|Any CPU
		{773078DA-D9F3-4225-AB17-5F64BE35831A}.Release|Any CPU.Build.0 = Release|Any CPU
	EndGlobalSection
	GlobalSection(SolutionProperties) = preSolution
		HideSolutionNode = FALSE
	EndGlobalSection
	GlobalSection(ExtensibilityGlobals) = postSolution
		SolutionGuid = {BA60EA94-362D-4367-9031-D802197F3364}
	EndGlobalSection
EndGlobal
